hash: 56030f996d534ea3cd75b465d242830d07753ad01438fbdab75e8fba26b3786e
updated: 2017-09-28T21:20:26.137686+07:00
imports:
- name: github.com/goline/errors
  version: b2371c4c8b19799de259df6fde97621d1b42a059
- name: github.com/goline/lapi
  version: c9ecadbbb481db6abe05d919a81a753fa13f579e
- name: github.com/pkg/errors
  version: 645ef00459ed84a119197bfb8d8205042c6df63d
testImports: []
