hash: 56030f996d534ea3cd75b465d242830d07753ad01438fbdab75e8fba26b3786e
updated: 2017-10-07T17:58:32.902912613+07:00
imports:
- name: github.com/goline/errors
  version: 5496f56181d58117534ce2d0f8b3357e8072dbf7
- name: github.com/goline/lapi
  version: 643602ca971cd555dc1829a33f71d1bdf15a61fc
- name: github.com/pkg/errors
  version: 645ef00459ed84a119197bfb8d8205042c6df63d
testImports: []
